{
  "requires": true,
  "lockfileVersion": 1,
  "dependencies": {
    "dateformat": {
      "version": "3.0.3",
      "resolved": "https://registry.npmjs.org/dateformat/-/dateformat-3.0.3.tgz",
      "integrity": "sha512-jyCETtSl3VMZMWeRo7iY1FL19ges1t55hMo5yaam4Jrsm5EPL89UQkoQRyiI+Yf4k8r2ZpdngkV8hr1lIdjb3Q=="
    },
    "ethernet-ip": {
      "version": "1.2.5",
      "resolved": "https://registry.npmjs.org/ethernet-ip/-/ethernet-ip-1.2.5.tgz",
      "integrity": "sha512-6rale1ZXjxjdoZwTqPAfa2tB73Bc0t/Y/Oe1UjEJKZRp8+2aCuQ/hsvkJYdyDwA7fK+szCNg11QDzC69U/hmTA==",
      "requires": {
        "dateformat": "^3.0.3",
        "task-easy": "^0.2.0"
      }
    },
    "task-easy": {
      "version": "0.2.1",
      "resolved": "https://registry.npmjs.org/task-easy/-/task-easy-0.2.1.tgz",
      "integrity": "sha512-VMYezcVhfyaTkc3cWf4sSQG6YgYBdiNCAg4iXuUWRGB7tp7A/rZA9Nter0ZIG5chSoidLS0VWf87koFD9XHwDg=="
    }
  }
}
